
Microsoft Visual Studio Solution File, Format Version 12.00
# Visual Studio Version 17
VisualStudioVersion = 17.11.35222.181
MinimumVisualStudioVersion = 10.0.40219.1
Project("{FAE04EC0-301F-11D3-BF4B-00C04F79EFBC}") = "Aula12", "Aula12\Aula12.csproj", "{512CEA43-6148-4D79-8623-60CC6483DC7C}"
EndProject
Global
	GlobalSection(SolutionConfigurationPlatforms) = preSolution
		Debug|Any CPU = Debug|Any CPU
		Release|Any CPU = Release|Any CPU
	EndGlobalSection
	GlobalSection(ProjectConfigurationPlatforms) = postSolution
		{512CEA43-6148-4D79-8623-60CC6483DC7C}.Debug|Any CPU.ActiveCfg = Debug|Any CPU
		{512CEA43-6148-4D79-8623-60CC6483DC7C}.Debug|Any CPU.Build.0 = Debug|Any CPU
		{512CEA43-6148-4D79-8623-60CC6483DC7C}.Release|Any CPU.ActiveCfg = Release|Any CPU
		{512CEA43-6148-4D79-8623-60CC6483DC7C}.Release|Any CPU.Build.0 = Release|Any CPU
	EndGlobalSection
	GlobalSection(SolutionProperties) = preSolution
		HideSolutionNode = FALSE
	EndGlobalSection
	GlobalSection(ExtensibilityGlobals) = postSolution
		SolutionGuid = {BFA7DA04-E638-403D-9A94-2D6886B4D4B9}
	EndGlobalSection
EndGlobal
